
Microsoft Visual Studio Solution File, Format Version 12.00
# Visual Studio 15
VisualStudioVersion = 15.0.28307.705
MinimumVisualStudioVersion = 10.0.40219.1
Project("{FAE04EC0-301F-11D3-BF4B-00C04F79EFBC}") = "Skanny", "Skanny\Skanny.csproj", "{B1563497-BAAB-4150-909E-EBDAEDF20C3E}"
EndProject
Project("{54435603-DBB4-11D2-8724-00A0C9A8B90C}") = "Skanny Installer", "Skanny Installer\Skanny Installer.vdproj", "{1287D5E8-1A1D-486A-8C70-476C839DD190}"
EndProject
Global
	GlobalSection(SolutionConfigurationPlatforms) = preSolution
		Debug|Any CPU = Debug|Any CPU
		Release|Any CPU = Release|Any CPU
	EndGlobalSection
	GlobalSection(ProjectConfigurationPlatforms) = postSolution
		{B1563497-BAAB-4150-909E-EBDAEDF20C3E}.Debug|Any CPU.ActiveCfg = Debug|Any CPU
		{B1563497-BAAB-4150-909E-EBDAEDF20C3E}.Debug|Any CPU.Build.0 = Debug|Any CPU
		{B1563497-BAAB-4150-909E-EBDAEDF20C3E}.Release|Any CPU.ActiveCfg = Release|Any CPU
		{B1563497-BAAB-4150-909E-EBDAEDF20C3E}.Release|Any CPU.Build.0 = Release|Any CPU
		{1287D5E8-1A1D-486A-8C70-476C839DD190}.Debug|Any CPU.ActiveCfg = Release
		{1287D5E8-1A1D-486A-8C70-476C839DD190}.Release|Any CPU.ActiveCfg = Release
	EndGlobalSection
	GlobalSection(SolutionProperties) = preSolution
		HideSolutionNode = FALSE
	EndGlobalSection
	GlobalSection(ExtensibilityGlobals) = postSolution
		SolutionGuid = {F79A50EC-30CB-41EB-A92F-27D09557B96E}
	EndGlobalSection
EndGlobal
